
Microsoft Visual Studio Solution File, Format Version 12.00
# Visual Studio 14
VisualStudioVersion = 14.0.25420.1
MinimumVisualStudioVersion = 10.0.40219.1
Project("{FAE04EC0-301F-11D3-BF4B-00C04F79EFBC}") = "lab3", "lab3\lab3.csproj", "{C7BEB5DD-2949-42FF-BB1C-A1573B4F7CBE}"
EndProject
Global
	GlobalSection(SolutionConfigurationPlatforms) = preSolution
		Debug|Any CPU = Debug|Any CPU
		Release|Any CPU = Release|Any CPU
	EndGlobalSection
	GlobalSection(ProjectConfigurationPlatforms) = postSolution
		{C7BEB5DD-2949-42FF-BB1C-A1573B4F7CBE}.Debug|Any CPU.ActiveCfg = Debug|Any CPU
		{C7BEB5DD-2949-42FF-BB1C-A1573B4F7CBE}.Debug|Any CPU.Build.0 = Debug|Any CPU
		{C7BEB5DD-2949-42FF-BB1C-A1573B4F7CBE}.Release|Any CPU.ActiveCfg = Release|Any CPU
		{C7BEB5DD-2949-42FF-BB1C-A1573B4F7CBE}.Release|Any CPU.Build.0 = Release|Any CPU
	EndGlobalSection
	GlobalSection(SolutionProperties) = preSolution
		HideSolutionNode = FALSE
	EndGlobalSection
EndGlobal
